
Microsoft Visual Studio Solution File, Format Version 12.00
# Visual Studio 2013
VisualStudioVersion = 12.0.40629.0
MinimumVisualStudioVersion = 10.0.40219.1
Project("{8BC9CEB8-8B4A-11D0-8D11-00A0C91BC942}") = "prak18", "prak18\prak18.vcxproj", "{E71DC539-DFB0-4C1F-9BB1-60CDABC8B384}"
EndProject
Global
	GlobalSection(SolutionConfigurationPlatforms) = preSolution
		Debug|Win32 = Debug|Win32
		Release|Win32 = Release|Win32
	EndGlobalSection
	GlobalSection(ProjectConfigurationPlatforms) = postSolution
		{E71DC539-DFB0-4C1F-9BB1-60CDABC8B384}.Debug|Win32.ActiveCfg = Debug|Win32
		{E71DC539-DFB0-4C1F-9BB1-60CDABC8B384}.Debug|Win32.Build.0 = Debug|Win32
		{E71DC539-DFB0-4C1F-9BB1-60CDABC8B384}.Release|Win32.ActiveCfg = Release|Win32
		{E71DC539-DFB0-4C1F-9BB1-60CDABC8B384}.Release|Win32.Build.0 = Release|Win32
	EndGlobalSection
	GlobalSection(SolutionProperties) = preSolution
		HideSolutionNode = FALSE
	EndGlobalSection
EndGlobal
